
Microsoft Visual Studio Solution File, Format Version 12.00
# Visual Studio Version 17
VisualStudioVersion = 17.13.35931.197 d17.13
MinimumVisualStudioVersion = 10.0.40219.1
Project("{FAE04EC0-301F-11D3-BF4B-00C04F79EFBC}") = "FCES", "FCES\FCES.csproj", "{F05B40E0-1D48-47A7-834B-E614EF57048B}"
EndProject
Global
	GlobalSection(SolutionConfigurationPlatforms) = preSolution
		Debug|Any CPU = Debug|Any CPU
		Release|Any CPU = Release|Any CPU
	EndGlobalSection
	GlobalSection(ProjectConfigurationPlatforms) = postSolution
		{F05B40E0-1D48-47A7-834B-E614EF57048B}.Debug|Any CPU.ActiveCfg = Debug|Any CPU
		{F05B40E0-1D48-47A7-834B-E614EF57048B}.Debug|Any CPU.Build.0 = Debug|Any CPU
		{F05B40E0-1D48-47A7-834B-E614EF57048B}.Release|Any CPU.ActiveCfg = Release|Any CPU
		{F05B40E0-1D48-47A7-834B-E614EF57048B}.Release|Any CPU.Build.0 = Release|Any CPU
	EndGlobalSection
	GlobalSection(SolutionProperties) = preSolution
		HideSolutionNode = FALSE
	EndGlobalSection
	GlobalSection(ExtensibilityGlobals) = postSolution
		SolutionGuid = {FAD43CD8-0BA8-401D-957E-3548F7684889}
	EndGlobalSection
EndGlobal
